
Microsoft Visual Studio Solution File, Format Version 12.00
# Visual Studio Version 17
VisualStudioVersion = 17.14.36429.23 d17.14
MinimumVisualStudioVersion = 10.0.40219.1
Project("{FAE04EC0-301F-11D3-BF4B-00C04F79EFBC}") = "CheckInn", "CheckInn\CheckInn.csproj", "{68B572A2-FD93-46F5-9CD5-0D9473DB74B2}"
EndProject
Global
	GlobalSection(SolutionConfigurationPlatforms) = preSolution
		Debug|Any CPU = Debug|Any CPU
		Release|Any CPU = Release|Any CPU
	EndGlobalSection
	GlobalSection(ProjectConfigurationPlatforms) = postSolution
		{68B572A2-FD93-46F5-9CD5-0D9473DB74B2}.Debug|Any CPU.ActiveCfg = Debug|Any CPU
		{68B572A2-FD93-46F5-9CD5-0D9473DB74B2}.Debug|Any CPU.Build.0 = Debug|Any CPU
		{68B572A2-FD93-46F5-9CD5-0D9473DB74B2}.Release|Any CPU.ActiveCfg = Release|Any CPU
		{68B572A2-FD93-46F5-9CD5-0D9473DB74B2}.Release|Any CPU.Build.0 = Release|Any CPU
	EndGlobalSection
	GlobalSection(SolutionProperties) = preSolution
		HideSolutionNode = FALSE
	EndGlobalSection
	GlobalSection(ExtensibilityGlobals) = postSolution
		SolutionGuid = {9C95F77D-1201-4D77-8FE5-7A3FF167DFD2}
	EndGlobalSection
EndGlobal
